
Microsoft Visual Studio Solution File, Format Version 12.00
# Visual Studio Version 17
VisualStudioVersion = 17.4.33213.308
MinimumVisualStudioVersion = 10.0.40219.1
Project("{FAE04EC0-301F-11D3-BF4B-00C04F79EFBC}") = "InvestApp", "InvestApp\InvestApp.csproj", "{E28C5FF6-BE4C-4213-AB15-C8D90C26515E}"
EndProject
Global
	GlobalSection(SolutionConfigurationPlatforms) = preSolution
		Debug|Any CPU = Debug|Any CPU
		Release|Any CPU = Release|Any CPU
	EndGlobalSection
	GlobalSection(ProjectConfigurationPlatforms) = postSolution
		{E28C5FF6-BE4C-4213-AB15-C8D90C26515E}.Debug|Any CPU.ActiveCfg = Debug|Any CPU
		{E28C5FF6-BE4C-4213-AB15-C8D90C26515E}.Debug|Any CPU.Build.0 = Debug|Any CPU
		{E28C5FF6-BE4C-4213-AB15-C8D90C26515E}.Release|Any CPU.ActiveCfg = Release|Any CPU
		{E28C5FF6-BE4C-4213-AB15-C8D90C26515E}.Release|Any CPU.Build.0 = Release|Any CPU
	EndGlobalSection
	GlobalSection(SolutionProperties) = preSolution
		HideSolutionNode = FALSE
	EndGlobalSection
	GlobalSection(ExtensibilityGlobals) = postSolution
		SolutionGuid = {4C48F1D7-05E2-4036-AF9F-CA448AA96CDE}
	EndGlobalSection
EndGlobal
